{
  "name": "jelly-jvm",
  "lockfileVersion": 3,
  "requires": true,
  "packages": {
    "": {
      "devDependencies": {
        "prettier": "^3.8.1",
        "prettier-plugin-java": "^2.8.1"
      }
    },
    "node_modules/prettier": {
      "version": "3.8.1",
      "resolved": "https://registry.npmjs.org/prettier/-/prettier-3.8.1.tgz",
      "integrity": "sha512-UOnG6LftzbdaHZcKoPFtOcCKztrQ57WkHDeRD9t/PTQtmT0NHSeWWepj6pS0z/N7+08BHFDQVUrfmfMRcZwbMg==",
      "dev": true,
      "bin": {
        "prettier": "bin/prettier.cjs"
      },
      "engines": {
        "node": ">=14"
      },
      "funding": {
        "url": "https://github.com/prettier/prettier?sponsor=1"
      }
    },
    "node_modules/prettier-plugin-java": {
      "version": "2.10.3",
      "resolved": "https://registry.npmjs.org/prettier-plugin-java/-/prettier-plugin-java-2.10.3.tgz",
      "integrity": "sha512-/g52mTbsN2ee8JjLRpBWGGmcmRhdv2zRWyj4QbsL9CQ+nKR022GRJhebwEpRyaCc8hLV6aO3JPGNQyXp1DPrCA==",
      "dev": true,
      "license": "Apache-2.0",
      "dependencies": {
        "web-tree-sitter": "0.26.11"
      },
      "peerDependencies": {
        "prettier": "^3.0.0"
      }
    },
    "node_modules/web-tree-sitter": {
      "version": "0.26.11",
      "resolved": "https://registry.npmjs.org/web-tree-sitter/-/web-tree-sitter-0.26.11.tgz",
      "integrity": "sha512-Q5Dm3YTIXSXuH6FxX6RuzX2Qwpc4DPGiYMU87Wg5Z8OIStiQFiUex4zMDc0vBTw78EphaYJacncJghCHzbZptg==",
      "dev": true,
      "license": "MIT"
    }
  }
}
